
Microsoft Visual Studio Solution File, Format Version 11.00
# Visual Studio 2010
Project("{FAE04EC0-301F-11D3-BF4B-00C04F79EFBC}") = "Web", "Web\Web.csproj", "{9F62CC49-19F4-4993-AE4A-883DCB35C525}"
EndProject
Project("{FAE04EC0-301F-11D3-BF4B-00C04F79EFBC}") = "BLL", "BLL\BLL.csproj", "{D012FD29-F5A5-4461-BDC5-31F3776C1877}"
EndProject
Project("{FAE04EC0-301F-11D3-BF4B-00C04F79EFBC}") = "DAL", "DAL\DAL.csproj", "{1E5B9476-FF87-4029-AC46-7E46C95ECF62}"
EndProject
Project("{FAE04EC0-301F-11D3-BF4B-00C04F79EFBC}") = "MODEL", "MODEL\MODEL.csproj", "{CF6AFBAE-163C-4F75-A1A2-E7EA5409EC70}"
EndProject
Project("{FAE04EC0-301F-11D3-BF4B-00C04F79EFBC}") = "CommonLibrary", "CommonLib\CommonLibrary.csproj", "{FD0936E2-707D-4909-8329-B8A5B7B04D44}"
EndProject
Global
	GlobalSection(SolutionConfigurationPlatforms) = preSolution
		Debug|Any CPU = Debug|Any CPU
		Release|Any CPU = Release|Any CPU
	EndGlobalSection
	GlobalSection(ProjectConfigurationPlatforms) = postSolution
		{9F62CC49-19F4-4993-AE4A-883DCB35C525}.Debug|Any CPU.ActiveCfg = Debug|Any CPU
		{9F62CC49-19F4-4993-AE4A-883DCB35C525}.Debug|Any CPU.Build.0 = Debug|Any CPU
		{9F62CC49-19F4-4993-AE4A-883DCB35C525}.Release|Any CPU.ActiveCfg = Release|Any CPU
		{9F62CC49-19F4-4993-AE4A-883DCB35C525}.Release|Any CPU.Build.0 = Release|Any CPU
		{D012FD29-F5A5-4461-BDC5-31F3776C1877}.Debug|Any CPU.ActiveCfg = Debug|Any CPU
		{D012FD29-F5A5-4461-BDC5-31F3776C1877}.Debug|Any CPU.Build.0 = Debug|Any CPU
		{D012FD29-F5A5-4461-BDC5-31F3776C1877}.Release|Any CPU.ActiveCfg = Release|Any CPU
		{D012FD29-F5A5-4461-BDC5-31F3776C1877}.Release|Any CPU.Build.0 = Release|Any CPU
		{1E5B9476-FF87-4029-AC46-7E46C95ECF62}.Debug|Any CPU.ActiveCfg = Debug|Any CPU
		{1E5B9476-FF87-4029-AC46-7E46C95ECF62}.Debug|Any CPU.Build.0 = Debug|Any CPU
		{1E5B9476-FF87-4029-AC46-7E46C95ECF62}.Release|Any CPU.ActiveCfg = Release|Any CPU
		{1E5B9476-FF87-4029-AC46-7E46C95ECF62}.Release|Any CPU.Build.0 = Release|Any CPU
		{CF6AFBAE-163C-4F75-A1A2-E7EA5409EC70}.Debug|Any CPU.ActiveCfg = Debug|Any CPU
		{CF6AFBAE-163C-4F75-A1A2-E7EA5409EC70}.Debug|Any CPU.Build.0 = Debug|Any CPU
		{CF6AFBAE-163C-4F75-A1A2-E7EA5409EC70}.Release|Any CPU.ActiveCfg = Release|Any CPU
		{CF6AFBAE-163C-4F75-A1A2-E7EA5409EC70}.Release|Any CPU.Build.0 = Release|Any CPU
		{FD0936E2-707D-4909-8329-B8A5B7B04D44}.Debug|Any CPU.ActiveCfg = Debug|Any CPU
		{FD0936E2-707D-4909-8329-B8A5B7B04D44}.Debug|Any CPU.Build.0 = Debug|Any CPU
		{FD0936E2-707D-4909-8329-B8A5B7B04D44}.Release|Any CPU.ActiveCfg = Release|Any CPU
		{FD0936E2-707D-4909-8329-B8A5B7B04D44}.Release|Any CPU.Build.0 = Release|Any CPU
	EndGlobalSection
	GlobalSection(SolutionProperties) = preSolution
		HideSolutionNode = FALSE
	EndGlobalSection
EndGlobal
